
Microsoft Visual Studio Solution File, Format Version 12.00
# Visual Studio 15
VisualStudioVersion = 15.0.27703.2026
MinimumVisualStudioVersion = 10.0.40219.1
Project("{FAE04EC0-301F-11D3-BF4B-00C04F79EFBC}") = "TerryPoolApi", "TerryPoolApi\TerryPoolApi.csproj", "{6DF477F6-D540-46E1-9F21-494ED855D738}"
EndProject
Global
	GlobalSection(SolutionConfigurationPlatforms) = preSolution
		Debug|Any CPU = Debug|Any CPU
		Release|Any CPU = Release|Any CPU
	EndGlobalSection
	GlobalSection(ProjectConfigurationPlatforms) = postSolution
		{6DF477F6-D540-46E1-9F21-494ED855D738}.Debug|Any CPU.ActiveCfg = Debug|Any CPU
		{6DF477F6-D540-46E1-9F21-494ED855D738}.Debug|Any CPU.Build.0 = Debug|Any CPU
		{6DF477F6-D540-46E1-9F21-494ED855D738}.Release|Any CPU.ActiveCfg = Release|Any CPU
		{6DF477F6-D540-46E1-9F21-494ED855D738}.Release|Any CPU.Build.0 = Release|Any CPU
	EndGlobalSection
	GlobalSection(SolutionProperties) = preSolution
		HideSolutionNode = FALSE
	EndGlobalSection
	GlobalSection(ExtensibilityGlobals) = postSolution
		SolutionGuid = {EFAE7237-AAC3-405B-AC52-266367AE66C0}
	EndGlobalSection
EndGlobal
